github.com/logrusorgru/aurora v0.0.0-20200102142835-e9ef32dff381 h1:bqDmpDG49ZRnB5PcgP0RXtQvnMSgIF14M7CBd2shtXs=
github.com/logrusorgru/aurora v0.0.0-20200102142835-e9ef32dff381/go.mod h1:7rIyQOR62GCctdiQpZ/zOJlFyk6y+94wXzv6RNZgaR4=
github.com/stonedem0/roti v0.0.0-20200423165933-ec05f3ec4c86 h1:gPceR2gz5J1j35nY4w+HTGMex05T9tQ/AfYnNOt5DII=
github.com/stonedem0/roti v0.0.0-20200423165933-ec05f3ec4c86/go.mod h1:rOcqRSEUnj6uS5Wv0RB89Aa4ZwH1MyqqQMQYKcy2vNU=
